
Microsoft Visual Studio Solution File, Format Version 12.00
# Visual Studio Version 17
VisualStudioVersion = 17.14.36310.24 d17.14
MinimumVisualStudioVersion = 10.0.40219.1
Project("{FAE04EC0-301F-11D3-BF4B-00C04F79EFBC}") = "Agilent3070", "Agilent3070.csproj", "{A4D1560F-D66E-40DF-83BA-D34282151DD5}"
EndProject
Global
	GlobalSection(SolutionConfigurationPlatforms) = preSolution
		Debug|Any CPU = Debug|Any CPU
		Release|Any CPU = Release|Any CPU
	EndGlobalSection
	GlobalSection(ProjectConfigurationPlatforms) = postSolution
		{A4D1560F-D66E-40DF-83BA-D34282151DD5}.Debug|Any CPU.ActiveCfg = Debug|Any CPU
		{A4D1560F-D66E-40DF-83BA-D34282151DD5}.Debug|Any CPU.Build.0 = Debug|Any CPU
		{A4D1560F-D66E-40DF-83BA-D34282151DD5}.Release|Any CPU.ActiveCfg = Release|Any CPU
		{A4D1560F-D66E-40DF-83BA-D34282151DD5}.Release|Any CPU.Build.0 = Release|Any CPU
	EndGlobalSection
	GlobalSection(SolutionProperties) = preSolution
		HideSolutionNode = FALSE
	EndGlobalSection
	GlobalSection(ExtensibilityGlobals) = postSolution
		SolutionGuid = {8DCA42AB-BF0D-4C80-8FE5-D836C3630E3A}
	EndGlobalSection
EndGlobal
